
Microsoft Visual Studio Solution File, Format Version 12.00
# Visual Studio Version 16
VisualStudioVersion = 16.0.29411.108
MinimumVisualStudioVersion = 10.0.40219.1
Project("{FAE04EC0-301F-11D3-BF4B-00C04F79EFBC}") = "MvcDashboardDataSources", "MvcDashboardDataSources\MvcDashboardDataSources.csproj", "{650B9365-D42F-41FB-92F4-5EEB3A803519}"
EndProject
Global
	GlobalSection(SolutionConfigurationPlatforms) = preSolution
		Debug|Any CPU = Debug|Any CPU
		Release|Any CPU = Release|Any CPU
	EndGlobalSection
	GlobalSection(ProjectConfigurationPlatforms) = postSolution
		{650B9365-D42F-41FB-92F4-5EEB3A803519}.Debug|Any CPU.ActiveCfg = Debug|Any CPU
		{650B9365-D42F-41FB-92F4-5EEB3A803519}.Debug|Any CPU.Build.0 = Debug|Any CPU
		{650B9365-D42F-41FB-92F4-5EEB3A803519}.Release|Any CPU.ActiveCfg = Release|Any CPU
		{650B9365-D42F-41FB-92F4-5EEB3A803519}.Release|Any CPU.Build.0 = Release|Any CPU
	EndGlobalSection
	GlobalSection(SolutionProperties) = preSolution
		HideSolutionNode = FALSE
	EndGlobalSection
	GlobalSection(ExtensibilityGlobals) = postSolution
		SolutionGuid = {92CF5160-3F24-41BB-8605-476BD46E8B96}
	EndGlobalSection
EndGlobal
